
Microsoft Visual Studio Solution File, Format Version 10.00
# Visual C++ Express 2008
Project("{8BC9CEB8-8B4A-11D0-8D11-00A0C91BC942}") = "WinLuaLib", "WinLuaLib.vcproj", "{8A328EBE-1CBE-46F4-9D48-A951884B2516}"
EndProject
Project("{8BC9CEB8-8B4A-11D0-8D11-00A0C91BC942}") = "WinTdcDaemonLib", "WinTdcDaemonLib.vcproj", "{7D7267A8-39FC-4CD2-8E85-8E5ABF6FC9A8}"
EndProject
Project("{8BC9CEB8-8B4A-11D0-8D11-00A0C91BC942}") = "WinTdcIpcDll", "WinTdcIpcDll.vcproj", "{42175A42-E73E-4F81-B7B1-188194275F42}"
EndProject
Project("{8BC9CEB8-8B4A-11D0-8D11-00A0C91BC942}") = "WinTdcIpcLib", "WinTdcIpcLib.vcproj", "{D320F420-A4A8-4A75-BDA9-64F3AC2BE805}"
EndProject
Project("{8BC9CEB8-8B4A-11D0-8D11-00A0C91BC942}") = "WinTdcScript", "WinTdcScript.vcproj", "{1B310605-7345-4D6D-81BF-20B257B960A1}"
	ProjectSection(ProjectDependencies) = postProject
		{8A328EBE-1CBE-46F4-9D48-A951884B2516} = {8A328EBE-1CBE-46F4-9D48-A951884B2516}
		{D320F420-A4A8-4A75-BDA9-64F3AC2BE805} = {D320F420-A4A8-4A75-BDA9-64F3AC2BE805}
		{7B4A4071-D76F-42D2-AF98-5894CEBCD55E} = {7B4A4071-D76F-42D2-AF98-5894CEBCD55E}
	EndProjectSection
EndProject
Project("{8BC9CEB8-8B4A-11D0-8D11-00A0C91BC942}") = "WinTdcScriptSh", "WinTdcScriptSh.vcproj", "{7364BA10-C7F4-4538-AD02-7143DEA0A4F0}"
	ProjectSection(ProjectDependencies) = postProject
		{75F071B7-F685-421B-8F00-D3070FD6ADBE} = {75F071B7-F685-421B-8F00-D3070FD6ADBE}
		{42175A42-E73E-4F81-B7B1-188194275F42} = {42175A42-E73E-4F81-B7B1-188194275F42}
		{8A328EBE-1CBE-46F4-9D48-A951884B2516} = {8A328EBE-1CBE-46F4-9D48-A951884B2516}
	EndProjectSection
EndProject
Project("{8BC9CEB8-8B4A-11D0-8D11-00A0C91BC942}") = "WinTdcTest", "WinTdcTest.vcproj", "{8FA39659-7F44-4B98-9F8B-0D9CA73F7572}"
	ProjectSection(ProjectDependencies) = postProject
		{D320F420-A4A8-4A75-BDA9-64F3AC2BE805} = {D320F420-A4A8-4A75-BDA9-64F3AC2BE805}
	EndProjectSection
EndProject
Project("{8BC9CEB8-8B4A-11D0-8D11-00A0C91BC942}") = "WinTestDaemon", "WinTestDaemon.vcproj", "{0E9B0DE6-35DD-4308-A5B5-ADE575E26C93}"
	ProjectSection(ProjectDependencies) = postProject
		{7D7267A8-39FC-4CD2-8E85-8E5ABF6FC9A8} = {7D7267A8-39FC-4CD2-8E85-8E5ABF6FC9A8}
	EndProjectSection
EndProject
Project("{8BC9CEB8-8B4A-11D0-8D11-00A0C91BC942}") = "WinTdcPiqLib", "WinTdcPiqLib.vcproj", "{7B4A4071-D76F-42D2-AF98-5894CEBCD55E}"
EndProject
Project("{8BC9CEB8-8B4A-11D0-8D11-00A0C91BC942}") = "WinTdcPiqDll", "WinTdcPiqDll.vcproj", "{75F071B7-F685-421B-8F00-D3070FD6ADBE}"
	ProjectSection(ProjectDependencies) = postProject
		{42175A42-E73E-4F81-B7B1-188194275F42} = {42175A42-E73E-4F81-B7B1-188194275F42}
	EndProjectSection
EndProject
Global
	GlobalSection(SolutionConfigurationPlatforms) = preSolution
		Debug|Win32 = Debug|Win32
		Release|Win32 = Release|Win32
	EndGlobalSection
	GlobalSection(ProjectConfigurationPlatforms) = postSolution
		{8A328EBE-1CBE-46F4-9D48-A951884B2516}.Debug|Win32.ActiveCfg = Debug|Win32
		{8A328EBE-1CBE-46F4-9D48-A951884B2516}.Debug|Win32.Build.0 = Debug|Win32
		{8A328EBE-1CBE-46F4-9D48-A951884B2516}.Release|Win32.ActiveCfg = Release|Win32
		{8A328EBE-1CBE-46F4-9D48-A951884B2516}.Release|Win32.Build.0 = Release|Win32
		{7D7267A8-39FC-4CD2-8E85-8E5ABF6FC9A8}.Debug|Win32.ActiveCfg = Debug|Win32
		{7D7267A8-39FC-4CD2-8E85-8E5ABF6FC9A8}.Debug|Win32.Build.0 = Debug|Win32
		{7D7267A8-39FC-4CD2-8E85-8E5ABF6FC9A8}.Release|Win32.ActiveCfg = Release|Win32
		{7D7267A8-39FC-4CD2-8E85-8E5ABF6FC9A8}.Release|Win32.Build.0 = Release|Win32
		{42175A42-E73E-4F81-B7B1-188194275F42}.Debug|Win32.ActiveCfg = Debug|Win32
		{42175A42-E73E-4F81-B7B1-188194275F42}.Debug|Win32.Build.0 = Debug|Win32
		{42175A42-E73E-4F81-B7B1-188194275F42}.Release|Win32.ActiveCfg = Release|Win32
		{42175A42-E73E-4F81-B7B1-188194275F42}.Release|Win32.Build.0 = Release|Win32
		{D320F420-A4A8-4A75-BDA9-64F3AC2BE805}.Debug|Win32.ActiveCfg = Debug|Win32
		{D320F420-A4A8-4A75-BDA9-64F3AC2BE805}.Debug|Win32.Build.0 = Debug|Win32
		{D320F420-A4A8-4A75-BDA9-64F3AC2BE805}.Release|Win32.ActiveCfg = Release|Win32
		{D320F420-A4A8-4A75-BDA9-64F3AC2BE805}.Release|Win32.Build.0 = Release|Win32
		{1B310605-7345-4D6D-81BF-20B257B960A1}.Debug|Win32.ActiveCfg = Debug|Win32
		{1B310605-7345-4D6D-81BF-20B257B960A1}.Debug|Win32.Build.0 = Debug|Win32
		{1B310605-7345-4D6D-81BF-20B257B960A1}.Release|Win32.ActiveCfg = Release|Win32
		{1B310605-7345-4D6D-81BF-20B257B960A1}.Release|Win32.Build.0 = Release|Win32
		{7364BA10-C7F4-4538-AD02-7143DEA0A4F0}.Debug|Win32.ActiveCfg = Debug|Win32
		{7364BA10-C7F4-4538-AD02-7143DEA0A4F0}.Debug|Win32.Build.0 = Debug|Win32
		{7364BA10-C7F4-4538-AD02-7143DEA0A4F0}.Release|Win32.ActiveCfg = Release|Win32
		{7364BA10-C7F4-4538-AD02-7143DEA0A4F0}.Release|Win32.Build.0 = Release|Win32
		{8FA39659-7F44-4B98-9F8B-0D9CA73F7572}.Debug|Win32.ActiveCfg = Debug|Win32
		{8FA39659-7F44-4B98-9F8B-0D9CA73F7572}.Debug|Win32.Build.0 = Debug|Win32
		{8FA39659-7F44-4B98-9F8B-0D9CA73F7572}.Release|Win32.ActiveCfg = Release|Win32
		{8FA39659-7F44-4B98-9F8B-0D9CA73F7572}.Release|Win32.Build.0 = Release|Win32
		{0E9B0DE6-35DD-4308-A5B5-ADE575E26C93}.Debug|Win32.ActiveCfg = Debug|Win32
		{0E9B0DE6-35DD-4308-A5B5-ADE575E26C93}.Debug|Win32.Build.0 = Debug|Win32
		{0E9B0DE6-35DD-4308-A5B5-ADE575E26C93}.Release|Win32.ActiveCfg = Release|Win32
		{0E9B0DE6-35DD-4308-A5B5-ADE575E26C93}.Release|Win32.Build.0 = Release|Win32
		{7B4A4071-D76F-42D2-AF98-5894CEBCD55E}.Debug|Win32.ActiveCfg = Debug|Win32
		{7B4A4071-D76F-42D2-AF98-5894CEBCD55E}.Debug|Win32.Build.0 = Debug|Win32
		{7B4A4071-D76F-42D2-AF98-5894CEBCD55E}.Release|Win32.ActiveCfg = Release|Win32
		{7B4A4071-D76F-42D2-AF98-5894CEBCD55E}.Release|Win32.Build.0 = Release|Win32
		{75F071B7-F685-421B-8F00-D3070FD6ADBE}.Debug|Win32.ActiveCfg = Debug|Win32
		{75F071B7-F685-421B-8F00-D3070FD6ADBE}.Debug|Win32.Build.0 = Debug|Win32
		{75F071B7-F685-421B-8F00-D3070FD6ADBE}.Release|Win32.ActiveCfg = Release|Win32
		{75F071B7-F685-421B-8F00-D3070FD6ADBE}.Release|Win32.Build.0 = Release|Win32
	EndGlobalSection
	GlobalSection(SolutionProperties) = preSolution
		HideSolutionNode = FALSE
	EndGlobalSection
EndGlobal
